
Microsoft Visual Studio Solution File, Format Version 12.00
# Visual Studio Version 16
VisualStudioVersion = 16.0.30330.147
MinimumVisualStudioVersion = 10.0.40219.1
Project("{FAE04EC0-301F-11D3-BF4B-00C04F79EFBC}") = "UsingIdentity", "UsingIdentity\UsingIdentity.csproj", "{E82AD7F4-AA06-4870-BDEB-1DF35085CB11}"
EndProject
Global
	GlobalSection(SolutionConfigurationPlatforms) = preSolution
		Debug|Any CPU = Debug|Any CPU
		Release|Any CPU = Release|Any CPU
	EndGlobalSection
	GlobalSection(ProjectConfigurationPlatforms) = postSolution
		{E82AD7F4-AA06-4870-BDEB-1DF35085CB11}.Debug|Any CPU.ActiveCfg = Debug|Any CPU
		{E82AD7F4-AA06-4870-BDEB-1DF35085CB11}.Debug|Any CPU.Build.0 = Debug|Any CPU
		{E82AD7F4-AA06-4870-BDEB-1DF35085CB11}.Release|Any CPU.ActiveCfg = Release|Any CPU
		{E82AD7F4-AA06-4870-BDEB-1DF35085CB11}.Release|Any CPU.Build.0 = Release|Any CPU
	EndGlobalSection
	GlobalSection(SolutionProperties) = preSolution
		HideSolutionNode = FALSE
	EndGlobalSection
	GlobalSection(ExtensibilityGlobals) = postSolution
		SolutionGuid = {720248C1-73BD-4292-9976-3BB438D46020}
	EndGlobalSection
EndGlobal
